// !$*UTF8*$!
{
	archiveVersion = 1;
	classes = {
	};
	objectVersion = 50;
	objects = {

/* Begin PBXBuildFile section */
		7E217A24218B1BED0086272B /* AddZekrSecondPartTextFieldDelegate.swift in Sources */ = {isa = PBXBuildFile; fileRef = 7E217A23218B1BED0086272B /* AddZekrSecondPartTextFieldDelegate.swift */; };
		7E27A16721938E17001C3B8A /* Delegation.swift in Sources */ = {isa = PBXBuildFile; fileRef = 7E27A16621938E17001C3B8A /* Delegation.swift */; };
		7E27A16921938E7C001C3B8A /* UIVisualization.swift in Sources */ = {isa = PBXBuildFile; fileRef = 7E27A16821938E7C001C3B8A /* UIVisualization.swift */; };
		7E27A16B21938EF4001C3B8A /* CoreDataOperations.swift in Sources */ = {isa = PBXBuildFile; fileRef = 7E27A16A21938EF4001C3B8A /* CoreDataOperations.swift */; };
		7E27A16D21939008001C3B8A /* Navigation.swift in Sources */ = {isa = PBXBuildFile; fileRef = 7E27A16C21939008001C3B8A /* Navigation.swift */; };
		7E27A16F219390CE001C3B8A /* Localization.swift in Sources */ = {isa = PBXBuildFile; fileRef = 7E27A16E219390CE001C3B8A /* Localization.swift */; };
		7E2840FE21873D3A002491E2 /* AppDelegate.swift in Sources */ = {isa = PBXBuildFile; fileRef = 7E2840FD21873D3A002491E2 /* AppDelegate.swift */; };
		7E28410021873D3A002491E2 /* HomeViewController.swift in Sources */ = {isa = PBXBuildFile; fileRef = 7E2840FF21873D3A002491E2 /* HomeViewController.swift */; };
		7E28410321873D3B002491E2 /* Main.storyboard in Resources */ = {isa = PBXBuildFile; fileRef = 7E28410121873D3B002491E2 /* Main.storyboard */; };
		7E28410621873D3B002491E2 /* AlSebha.xcdatamodeld in Sources */ = {isa = PBXBuildFile; fileRef = 7E28410421873D3B002491E2 /* AlSebha.xcdatamodeld */; };
		7E28410821873D41002491E2 /* Assets.xcassets in Resources */ = {isa = PBXBuildFile; fileRef = 7E28410721873D41002491E2 /* Assets.xcassets */; };
		7E28410B21873D41002491E2 /* LaunchScreen.storyboard in Resources */ = {isa = PBXBuildFile; fileRef = 7E28410921873D41002491E2 /* LaunchScreen.storyboard */; };
		7E331B9721886B6E00435B4B /* AddZekrFirstPartViewController.swift in Sources */ = {isa = PBXBuildFile; fileRef = 7E331B9621886B6E00435B4B /* AddZekrFirstPartViewController.swift */; };
		7E331B992188729F00435B4B /* AddZekrSecondPartViewController.swift in Sources */ = {isa = PBXBuildFile; fileRef = 7E331B982188729F00435B4B /* AddZekrSecondPartViewController.swift */; };
		7E5D4C4E218C9EEA001058D6 /* HomeTableViewDelegate.swift in Sources */ = {isa = PBXBuildFile; fileRef = 7E5D4C4D218C9EEA001058D6 /* HomeTableViewDelegate.swift */; };
		7E5D4C50218CA4E5001058D6 /* ZekrCell.swift in Sources */ = {isa = PBXBuildFile; fileRef = 7E5D4C4F218CA4E5001058D6 /* ZekrCell.swift */; };
		7EB877592189FCB00096E04B /* UIViewExtension.swift in Sources */ = {isa = PBXBuildFile; fileRef = 7EB877582189FCB00096E04B /* UIViewExtension.swift */; };
		7ECEC3EC2189D4A300B09D00 /* AddZekrFirstPartTextViewDelegate.swift in Sources */ = {isa = PBXBuildFile; fileRef = 7ECEC3EB2189D4A200B09D00 /* AddZekrFirstPartTextViewDelegate.swift */; };
/* End PBXBuildFile section */

/* Begin PBXFileReference section */
		7E217A23218B1BED0086272B /* AddZekrSecondPartTextFieldDelegate.swift */ = {isa = PBXFileReference; lastKnownFileType = sourcecode.swift; path = AddZekrSecondPartTextFieldDelegate.swift; sourceTree = "<group>"; };
		7E27A16621938E17001C3B8A /* Delegation.swift */ = {isa = PBXFileReference; lastKnownFileType = sourcecode.swift; path = Delegation.swift; sourceTree = "<group>"; };
		7E27A16821938E7C001C3B8A /* UIVisualization.swift */ = {isa = PBXFileReference; lastKnownFileType = sourcecode.swift; path = UIVisualization.swift; sourceTree = "<group>"; };
		7E27A16A21938EF4001C3B8A /* CoreDataOperations.swift */ = {isa = PBXFileReference; lastKnownFileType = sourcecode.swift; path = CoreDataOperations.swift; sourceTree = "<group>"; };
		7E27A16C21939008001C3B8A /* Navigation.swift */ = {isa = PBXFileReference; lastKnownFileType = sourcecode.swift; path = Navigation.swift; sourceTree = "<group>"; };
		7E27A16E219390CE001C3B8A /* Localization.swift */ = {isa = PBXFileReference; lastKnownFileType = sourcecode.swift; path = Localization.swift; sourceTree = "<group>"; };
		7E2840FA21873D3A002491E2 /* AlSebha.app */ = {isa = PBXFileReference; explicitFileType = wrapper.application; includeInIndex = 0; path = AlSebha.app; sourceTree = BUILT_PRODUCTS_DIR; };
		7E2840FD21873D3A002491E2 /* AppDelegate.swift */ = {isa = PBXFileReference; lastKnownFileType = sourcecode.swift; path = AppDelegate.swift; sourceTree = "<group>"; };
		7E2840FF21873D3A002491E2 /* HomeViewController.swift */ = {isa = PBXFileReference; lastKnownFileType = sourcecode.swift; path = HomeViewController.swift; sourceTree = "<group>"; };
		7E28410221873D3B002491E2 /* Base */ = {isa = PBXFileReference; lastKnownFileType = file.storyboard; name = Base; path = Base.lproj/Main.storyboard; sourceTree = "<group>"; };
		7E28410521873D3B002491E2 /* AlSebha.xcdatamodel */ = {isa = PBXFileReference; lastKnownFileType = wrapper.xcdatamodel; path = AlSebha.xcdatamodel; sourceTree = "<group>"; };
		7E28410721873D41002491E2 /* Assets.xcassets */ = {isa = PBXFileReference; lastKnownFileType = folder.assetcatalog; path = Assets.xcassets; sourceTree = "<group>"; };
		7E28410A21873D41002491E2 /* Base */ = {isa = PBXFileReference; lastKnownFileType = file.storyboard; name = Base; path = Base.lproj/LaunchScreen.storyboard; sourceTree = "<group>"; };
		7E28410C21873D41002491E2 /* Info.plist */ = {isa = PBXFileReference; lastKnownFileType = text.plist.xml; path = Info.plist; sourceTree = "<group>"; };
		7E331B9621886B6E00435B4B /* AddZekrFirstPartViewController.swift */ = {isa = PBXFileReference; lastKnownFileType = sourcecode.swift; path = AddZekrFirstPartViewController.swift; sourceTree = "<group>"; };
		7E331B982188729F00435B4B /* AddZekrSecondPartViewController.swift */ = {isa = PBXFileReference; lastKnownFileType = sourcecode.swift; path = AddZekrSecondPartViewController.swift; sourceTree = "<group>"; };
		7E5D4C4D218C9EEA001058D6 /* HomeTableViewDelegate.swift */ = {isa = PBXFileReference; lastKnownFileType = sourcecode.swift; path = HomeTableViewDelegate.swift; sourceTree = "<group>"; };
		7E5D4C4F218CA4E5001058D6 /* ZekrCell.swift */ = {isa = PBXFileReference; lastKnownFileType = sourcecode.swift; path = ZekrCell.swift; sourceTree = "<group>"; };
		7EB877582189FCB00096E04B /* UIViewExtension.swift */ = {isa = PBXFileReference; lastKnownFileType = sourcecode.swift; path = UIViewExtension.swift; sourceTree = "<group>"; };
		7ECEC3EB2189D4A200B09D00 /* AddZekrFirstPartTextViewDelegate.swift */ = {isa = PBXFileReference; lastKnownFileType = sourcecode.swift; path = AddZekrFirstPartTextViewDelegate.swift; sourceTree = "<group>"; };
/* End PBXFileReference section */

/* Begin PBXFrameworksBuildPhase section */
		7E2840F721873D3A002491E2 /* Frameworks */ = {
			isa = PBXFrameworksBuildPhase;
			buildActionMask = 2147483647;
			files = (
			);
			runOnlyForDeploymentPostprocessing = 0;
		};
/* End PBXFrameworksBuildPhase section */

/* Begin PBXGroup section */
		7E27A16521938DDF001C3B8A /* HomeViewController */ = {
			isa = PBXGroup;
			children = (
				7E27A16621938E17001C3B8A /* Delegation.swift */,
				7E27A16821938E7C001C3B8A /* UIVisualization.swift */,
				7E27A16A21938EF4001C3B8A /* CoreDataOperations.swift */,
				7E27A16C21939008001C3B8A /* Navigation.swift */,
				7E27A16E219390CE001C3B8A /* Localization.swift */,
			);
			path = HomeViewController;
			sourceTree = "<group>";
		};
		7E2840F121873D3A002491E2 = {
			isa = PBXGroup;
			children = (
				7E2840FC21873D3A002491E2 /* AlSebha */,
				7E2840FB21873D3A002491E2 /* Products */,
			);
			sourceTree = "<group>";
		};
		7E2840FB21873D3A002491E2 /* Products */ = {
			isa = PBXGroup;
			children = (
				7E2840FA21873D3A002491E2 /* AlSebha.app */,
			);
			name = Products;
			sourceTree = "<group>";
		};
		7E2840FC21873D3A002491E2 /* AlSebha */ = {
			isa = PBXGroup;
			children = (
				7E5D4C4F218CA4E5001058D6 /* ZekrCell.swift */,
				7EB877572189FC880096E04B /* Extension */,
				7ECEC3E72189D42A00B09D00 /* Delegate */,
				7ECEC3E62189D3AD00B09D00 /* Controller */,
				7E2840FD21873D3A002491E2 /* AppDelegate.swift */,
				7E28410121873D3B002491E2 /* Main.storyboard */,
				7E28410721873D41002491E2 /* Assets.xcassets */,
				7E28410921873D41002491E2 /* LaunchScreen.storyboard */,
				7E28410C21873D41002491E2 /* Info.plist */,
				7E28410421873D3B002491E2 /* AlSebha.xcdatamodeld */,
			);
			path = AlSebha;
			sourceTree = "<group>";
		};
		7EB877572189FC880096E04B /* Extension */ = {
			isa = PBXGroup;
			children = (
				7E27A16521938DDF001C3B8A /* HomeViewController */,
				7EB877582189FCB00096E04B /* UIViewExtension.swift */,
			);
			path = Extension;
			sourceTree = "<group>";
		};
		7ECEC3E62189D3AD00B09D00 /* Controller */ = {
			isa = PBXGroup;
			children = (
				7E2840FF21873D3A002491E2 /* HomeViewController.swift */,
				7E331B9621886B6E00435B4B /* AddZekrFirstPartViewController.swift */,
				7E331B982188729F00435B4B /* AddZekrSecondPartViewController.swift */,
			);
			path = Controller;
			sourceTree = "<group>";
		};
		7ECEC3E72189D42A00B09D00 /* Delegate */ = {
			isa = PBXGroup;
			children = (
				7ECEC3EA2189D45D00B09D00 /* AddZekrSecondPartViewController */,
				7ECEC3E92189D44700B09D00 /* AddZekrFirstPartViewController */,
				7ECEC3E82189D43E00B09D00 /* HomeViewController */,
			);
			path = Delegate;
			sourceTree = "<group>";
		};
		7ECEC3E82189D43E00B09D00 /* HomeViewController */ = {
			isa = PBXGroup;
			children = (
				7E5D4C4D218C9EEA001058D6 /* HomeTableViewDelegate.swift */,
			);
			path = HomeViewController;
			sourceTree = "<group>";
		};
		7ECEC3E92189D44700B09D00 /* AddZekrFirstPartViewController */ = {
			isa = PBXGroup;
			children = (
				7ECEC3EB2189D4A200B09D00 /* AddZekrFirstPartTextViewDelegate.swift */,
			);
			path = AddZekrFirstPartViewController;
			sourceTree = "<group>";
		};
		7ECEC3EA2189D45D00B09D00 /* AddZekrSecondPartViewController */ = {
			isa = PBXGroup;
			children = (
				7E217A23218B1BED0086272B /* AddZekrSecondPartTextFieldDelegate.swift */,
			);
			path = AddZekrSecondPartViewController;
			sourceTree = "<group>";
		};
/* End PBXGroup section */

/* Begin PBXNativeTarget section */
		7E2840F921873D3A002491E2 /* AlSebha */ = {
			isa = PBXNativeTarget;
			buildConfigurationList = 7E28410F21873D41002491E2 /* Build configuration list for PBXNativeTarget "AlSebha" */;
			buildPhases = (
				7E2840F621873D3A002491E2 /* Sources */,
				7E2840F721873D3A002491E2 /* Frameworks */,
				7E2840F821873D3A002491E2 /* Resources */,
			);
			buildRules = (
			);
			dependencies = (
			);
			name = AlSebha;
			productName = AlSebha;
			productReference = 7E2840FA21873D3A002491E2 /* AlSebha.app */;
			productType = "com.apple.product-type.application";
		};
/* End PBXNativeTarget section */

/* Begin PBXProject section */
		7E2840F221873D3A002491E2 /* Project object */ = {
			isa = PBXProject;
			attributes = {
				LastSwiftUpdateCheck = 1000;
				LastUpgradeCheck = 1000;
				ORGANIZATIONNAME = "Ahmed Elbasha";
				TargetAttributes = {
					7E2840F921873D3A002491E2 = {
						CreatedOnToolsVersion = 10.0;
					};
				};
			};
			buildConfigurationList = 7E2840F521873D3A002491E2 /* Build configuration list for PBXProject "AlSebha" */;
			compatibilityVersion = "Xcode 9.3";
			developmentRegion = en;
			hasScannedForEncodings = 0;
			knownRegions = (
				en,
				Base,
			);
			mainGroup = 7E2840F121873D3A002491E2;
			productRefGroup = 7E2840FB21873D3A002491E2 /* Products */;
			projectDirPath = "";
			projectRoot = "";
			targets = (
				7E2840F921873D3A002491E2 /* AlSebha */,
			);
		};
/* End PBXProject section */

/* Begin PBXResourcesBuildPhase section */
		7E2840F821873D3A002491E2 /* Resources */ = {
			isa = PBXResourcesBuildPhase;
			buildActionMask = 2147483647;
			files = (
				7E28410B21873D41002491E2 /* LaunchScreen.storyboard in Resources */,
				7E28410821873D41002491E2 /* Assets.xcassets in Resources */,
				7E28410321873D3B002491E2 /* Main.storyboard in Resources */,
			);
			runOnlyForDeploymentPostprocessing = 0;
		};
/* End PBXResourcesBuildPhase section */

/* Begin PBXSourcesBuildPhase section */
		7E2840F621873D3A002491E2 /* Sources */ = {
			isa = PBXSourcesBuildPhase;
			buildActionMask = 2147483647;
			files = (
				7E28410021873D3A002491E2 /* HomeViewController.swift in Sources */,
				7E331B992188729F00435B4B /* AddZekrSecondPartViewController.swift in Sources */,
				7ECEC3EC2189D4A300B09D00 /* AddZekrFirstPartTextViewDelegate.swift in Sources */,
				7E5D4C50218CA4E5001058D6 /* ZekrCell.swift in Sources */,
				7E28410621873D3B002491E2 /* AlSebha.xcdatamodeld in Sources */,
				7EB877592189FCB00096E04B /* UIViewExtension.swift in Sources */,
				7E331B9721886B6E00435B4B /* AddZekrFirstPartViewController.swift in Sources */,
				7E27A16B21938EF4001C3B8A /* CoreDataOperations.swift in Sources */,
				7E2840FE21873D3A002491E2 /* AppDelegate.swift in Sources */,
				7E27A16D21939008001C3B8A /* Navigation.swift in Sources */,
				7E27A16921938E7C001C3B8A /* UIVisualization.swift in Sources */,
				7E27A16F219390CE001C3B8A /* Localization.swift in Sources */,
				7E217A24218B1BED0086272B /* AddZekrSecondPartTextFieldDelegate.swift in Sources */,
				7E27A16721938E17001C3B8A /* Delegation.swift in Sources */,
				7E5D4C4E218C9EEA001058D6 /* HomeTableViewDelegate.swift in Sources */,
			);
			runOnlyForDeploymentPostprocessing = 0;
		};
/* End PBXSourcesBuildPhase section */

/* Begin PBXVariantGroup section */
		7E28410121873D3B002491E2 /* Main.storyboard */ = {
			isa = PBXVariantGroup;
			children = (
				7E28410221873D3B002491E2 /* Base */,
			);
			name = Main.storyboard;
			sourceTree = "<group>";
		};
		7E28410921873D41002491E2 /* LaunchScreen.storyboard */ = {
			isa = PBXVariantGroup;
			children = (
				7E28410A21873D41002491E2 /* Base */,
			);
			name = LaunchScreen.storyboard;
			sourceTree = "<group>";
		};
/* End PBXVariantGroup section */

/* Begin XCBuildConfiguration section */
		7E28410D21873D41002491E2 /* Debug */ = {
			isa = XCBuildConfiguration;
			buildSettings = {
				ALWAYS_SEARCH_USER_PATHS = NO;
				CLANG_ANALYZER_NONNULL = YES;
				CLANG_ANALYZER_NUMBER_OBJECT_CONVERSION = YES_AGGRESSIVE;
				CLANG_CXX_LANGUAGE_STANDARD = "gnu++14";
				CLANG_CXX_LIBRARY = "libc++";
				CLANG_ENABLE_MODULES = YES;
				CLANG_ENABLE_OBJC_ARC = YES;
				CLANG_ENABLE_OBJC_WEAK = YES;
				CLANG_WARN_BLOCK_CAPTURE_AUTORELEASING = YES;
				CLANG_WARN_BOOL_CONVERSION = YES;
				CLANG_WARN_COMMA = YES;
				CLANG_WARN_CONSTANT_CONVERSION = YES;
				CLANG_WARN_DEPRECATED_OBJC_IMPLEMENTATIONS = YES;
				CLANG_WARN_DIRECT_OBJC_ISA_USAGE = YES_ERROR;
				CLANG_WARN_DOCUMENTATION_COMMENTS = YES;
				CLANG_WARN_EMPTY_BODY = YES;
				CLANG_WARN_ENUM_CONVERSION = YES;
				CLANG_WARN_INFINITE_RECURSION = YES;
				CLANG_WARN_INT_CONVERSION = YES;
				CLANG_WARN_NON_LITERAL_NULL_CONVERSION = YES;
				CLANG_WARN_OBJC_IMPLICIT_RETAIN_SELF = YES;
				CLANG_WARN_OBJC_LITERAL_CONVERSION = YES;
				CLANG_WARN_OBJC_ROOT_CLASS = YES_ERROR;
				CLANG_WARN_RANGE_LOOP_ANALYSIS = YES;
				CLANG_WARN_STRICT_PROTOTYPES = YES;
				CLANG_WARN_SUSPICIOUS_MOVE = YES;
				CLANG_WARN_UNGUARDED_AVAILABILITY = YES_AGGRESSIVE;
				CLANG_WARN_UNREACHABLE_CODE = YES;
				CLANG_WARN__DUPLICATE_METHOD_MATCH = YES;
				CODE_SIGN_IDENTITY = "iPhone Developer";
				COPY_PHASE_STRIP = NO;
				DEBUG_INFORMATION_FORMAT = dwarf;
				ENABLE_STRICT_OBJC_MSGSEND = YES;
				ENABLE_TESTABILITY = YES;
				GCC_C_LANGUAGE_STANDARD = gnu11;
				GCC_DYNAMIC_NO_PIC = NO;
				GCC_NO_COMMON_BLOCKS = YES;
				GCC_OPTIMIZATION_LEVEL = 0;
				GCC_PREPROCESSOR_DEFINITIONS = (
					"DEBUG=1",
					"$(inherited)",
				);
				GCC_WARN_64_TO_32_BIT_CONVERSION = YES;
				GCC_WARN_ABOUT_RETURN_TYPE = YES_ERROR;
				GCC_WARN_UNDECLARED_SELECTOR = YES;
				GCC_WARN_UNINITIALIZED_AUTOS = YES_AGGRESSIVE;
				GCC_WARN_UNUSED_FUNCTION = YES;
				GCC_WARN_UNUSED_VARIABLE = YES;
				IPHONEOS_DEPLOYMENT_TARGET = 12.0;
				MTL_ENABLE_DEBUG_INFO = INCLUDE_SOURCE;
				MTL_FAST_MATH = YES;
				ONLY_ACTIVE_ARCH = YES;
				SDKROOT = iphoneos;
				SWIFT_ACTIVE_COMPILATION_CONDITIONS = DEBUG;
				SWIFT_OPTIMIZATION_LEVEL = "-Onone";
			};
			name = Debug;
		};
		7E28410E21873D41002491E2 /* Release */ = {
			isa = XCBuildConfiguration;
			buildSettings = {
				ALWAYS_SEARCH_USER_PATHS = NO;
				CLANG_ANALYZER_NONNULL = YES;
				CLANG_ANALYZER_NUMBER_OBJECT_CONVERSION = YES_AGGRESSIVE;
				CLANG_CXX_LANGUAGE_STANDARD = "gnu++14";
				CLANG_CXX_LIBRARY = "libc++";
				CLANG_ENABLE_MODULES = YES;
				CLANG_ENABLE_OBJC_ARC = YES;
				CLANG_ENABLE_OBJC_WEAK = YES;
				CLANG_WARN_BLOCK_CAPTURE_AUTORELEASING = YES;
				CLANG_WARN_BOOL_CONVERSION = YES;
				CLANG_WARN_COMMA = YES;
				CLANG_WARN_CONSTANT_CONVERSION = YES;
				CLANG_WARN_DEPRECATED_OBJC_IMPLEMENTATIONS = YES;
				CLANG_WARN_DIRECT_OBJC_ISA_USAGE = YES_ERROR;
				CLANG_WARN_DOCUMENTATION_COMMENTS = YES;
				CLANG_WARN_EMPTY_BODY = YES;
				CLANG_WARN_ENUM_CONVERSION = YES;
				CLANG_WARN_INFINITE_RECURSION = YES;
				CLANG_WARN_INT_CONVERSION = YES;
				CLANG_WARN_NON_LITERAL_NULL_CONVERSION = YES;
				CLANG_WARN_OBJC_IMPLICIT_RETAIN_SELF = YES;
				CLANG_WARN_OBJC_LITERAL_CONVERSION = YES;
				CLANG_WARN_OBJC_ROOT_CLASS = YES_ERROR;
				CLANG_WARN_RANGE_LOOP_ANALYSIS = YES;
				CLANG_WARN_STRICT_PROTOTYPES = YES;
				CLANG_WARN_SUSPICIOUS_MOVE = YES;
				CLANG_WARN_UNGUARDED_AVAILABILITY = YES_AGGRESSIVE;
				CLANG_WARN_UNREACHABLE_CODE = YES;
				CLANG_WARN__DUPLICATE_METHOD_MATCH = YES;
				CODE_SIGN_IDENTITY = "iPhone Developer";
				COPY_PHASE_STRIP = NO;
				DEBUG_INFORMATION_FORMAT = "dwarf-with-dsym";
				ENABLE_NS_ASSERTIONS = NO;
				ENABLE_STRICT_OBJC_MSGSEND = YES;
				GCC_C_LANGUAGE_STANDARD = gnu11;
				GCC_NO_COMMON_BLOCKS = YES;
				GCC_WARN_64_TO_32_BIT_CONVERSION = YES;
				GCC_WARN_ABOUT_RETURN_TYPE = YES_ERROR;
				GCC_WARN_UNDECLARED_SELECTOR = YES;
				GCC_WARN_UNINITIALIZED_AUTOS = YES_AGGRESSIVE;
				GCC_WARN_UNUSED_FUNCTION = YES;
				GCC_WARN_UNUSED_VARIABLE = YES;
				IPHONEOS_DEPLOYMENT_TARGET = 12.0;
				MTL_ENABLE_DEBUG_INFO = NO;
				MTL_FAST_MATH = YES;
				SDKROOT = iphoneos;
				SWIFT_COMPILATION_MODE = wholemodule;
				SWIFT_OPTIMIZATION_LEVEL = "-O";
				VALIDATE_PRODUCT = YES;
			};
			name = Release;
		};
		7E28411021873D41002491E2 /* Debug */ = {
			isa = XCBuildConfiguration;
			buildSettings = {
				ASSETCATALOG_COMPILER_APPICON_NAME = AppIcon;
				CODE_SIGN_STYLE = Automatic;
				DEVELOPMENT_TEAM = "";
				INFOPLIST_FILE = AlSebha/Info.plist;
				LD_RUNPATH_SEARCH_PATHS = (
					"$(inherited)",
					"@executable_path/Frameworks",
				);
				MACOSX_DEPLOYMENT_TARGET = 10.14;
				PRODUCT_BUNDLE_IDENTIFIER = "Ahmed-Elbasha.AlSebha";
				PRODUCT_NAME = "$(TARGET_NAME)";
				SWIFT_VERSION = 4.2;
				TARGETED_DEVICE_FAMILY = "1,2";
			};
			name = Debug;
		};
		7E28411121873D41002491E2 /* Release */ = {
			isa = XCBuildConfiguration;
			buildSettings = {
				ASSETCATALOG_COMPILER_APPICON_NAME = AppIcon;
				CODE_SIGN_STYLE = Automatic;
				DEVELOPMENT_TEAM = "";
				INFOPLIST_FILE = AlSebha/Info.plist;
				LD_RUNPATH_SEARCH_PATHS = (
					"$(inherited)",
					"@executable_path/Frameworks",
				);
				MACOSX_DEPLOYMENT_TARGET = 10.14;
				PRODUCT_BUNDLE_IDENTIFIER = "Ahmed-Elbasha.AlSebha";
				PRODUCT_NAME = "$(TARGET_NAME)";
				SWIFT_VERSION = 4.2;
				TARGETED_DEVICE_FAMILY = "1,2";
			};
			name = Release;
		};
/* End XCBuildConfiguration section */

/* Begin XCConfigurationList section */
		7E2840F521873D3A002491E2 /* Build configuration list for PBXProject "AlSebha" */ = {
			isa = XCConfigurationList;
			buildConfigurations = (
				7E28410D21873D41002491E2 /* Debug */,
				7E28410E21873D41002491E2 /* Release */,
			);
			defaultConfigurationIsVisible = 0;
			defaultConfigurationName = Release;
		};
		7E28410F21873D41002491E2 /* Build configuration list for PBXNativeTarget "AlSebha" */ = {
			isa = XCConfigurationList;
			buildConfigurations = (
				7E28411021873D41002491E2 /* Debug */,
				7E28411121873D41002491E2 /* Release */,
			);
			defaultConfigurationIsVisible = 0;
			defaultConfigurationName = Release;
		};
/* End XCConfigurationList section */

/* Begin XCVersionGroup section */
		7E28410421873D3B002491E2 /* AlSebha.xcdatamodeld */ = {
			isa = XCVersionGroup;
			children = (
				7E28410521873D3B002491E2 /* AlSebha.xcdatamodel */,
			);
			currentVersion = 7E28410521873D3B002491E2 /* AlSebha.xcdatamodel */;
			path = AlSebha.xcdatamodeld;
			sourceTree = "<group>";
			versionGroupType = wrapper.xcdatamodel;
		};
/* End XCVersionGroup section */
	};
	rootObject = 7E2840F221873D3A002491E2 /* Project object */;
}
